
Microsoft Visual Studio Solution File, Format Version 12.00
# Visual Studio Version 17
VisualStudioVersion = 17.3.32819.101
MinimumVisualStudioVersion = 10.0.40219.1
Project("{FAE04EC0-301F-11D3-BF4B-00C04F79EFBC}") = "WebApplication2", "WebApplication2\WebApplication2.csproj", "{72BF5A80-AF9B-4218-92DE-13B28A8DCCCF}"
EndProject
Global
	GlobalSection(SolutionConfigurationPlatforms) = preSolution
		Debug|Any CPU = Debug|Any CPU
		Release|Any CPU = Release|Any CPU
	EndGlobalSection
	GlobalSection(ProjectConfigurationPlatforms) = postSolution
		{72BF5A80-AF9B-4218-92DE-13B28A8DCCCF}.Debug|Any CPU.ActiveCfg = Debug|Any CPU
		{72BF5A80-AF9B-4218-92DE-13B28A8DCCCF}.Debug|Any CPU.Build.0 = Debug|Any CPU
		{72BF5A80-AF9B-4218-92DE-13B28A8DCCCF}.Release|Any CPU.ActiveCfg = Release|Any CPU
		{72BF5A80-AF9B-4218-92DE-13B28A8DCCCF}.Release|Any CPU.Build.0 = Release|Any CPU
	EndGlobalSection
	GlobalSection(SolutionProperties) = preSolution
		HideSolutionNode = FALSE
	EndGlobalSection
	GlobalSection(ExtensibilityGlobals) = postSolution
		SolutionGuid = {5311E2DB-1C2C-4D9A-AE38-69B4FA3E0F3D}
	EndGlobalSection
EndGlobal
